
Microsoft Visual Studio Solution File, Format Version 12.00
# Visual Studio Version 17
VisualStudioVersion = 17.2.32526.322
MinimumVisualStudioVersion = 10.0.40219.1
Project("{9A19103F-16F7-4668-BE54-9A1E7A4F7556}") = "QAUtilities.Selenium", "QaUtilities.Selenium\QAUtilities.Selenium.csproj", "{504272E6-8DAC-4022-84F5-8286761BE44F}"
EndProject
Project("{9A19103F-16F7-4668-BE54-9A1E7A4F7556}") = "QAUtilities.Authorization", "QAUtilities.Authorization\QAUtilities.Authorization.csproj", "{EF64494A-52E4-49AA-9BF2-6936C93DE659}"
EndProject
Project("{9A19103F-16F7-4668-BE54-9A1E7A4F7556}") = "QAUtilities.Cards", "QAUtilities.Cards\QAUtilities.Cards.csproj", "{A30383DF-18D6-4DCC-9D6F-5BF403FFC7F5}"
EndProject
Project("{9A19103F-16F7-4668-BE54-9A1E7A4F7556}") = "QAUtilities.Clients", "QAUtilities.Clients\QAUtilities.Clients.csproj", "{D5A0C620-42D5-4090-AB50-5C4EF4756C5D}"
EndProject
Project("{9A19103F-16F7-4668-BE54-9A1E7A4F7556}") = "QAUtilities.Common", "QAUtilities.Common\QAUtilities.Common.csproj", "{6726DA4F-5863-4CEE-B3B9-65DADDE666CF}"
EndProject
Project("{9A19103F-16F7-4668-BE54-9A1E7A4F7556}") = "QAUtilities.DigitalEdge", "QAUtilities.DigitalEdge\QAUtilities.DigitalEdge.csproj", "{E823CEB8-C5BD-46E6-BA8A-20C097BF4675}"
EndProject
Project("{9A19103F-16F7-4668-BE54-9A1E7A4F7556}") = "QAUtilities.DocService", "QAUtilities.DocService\QAUtilities.DocService.csproj", "{9CEB6490-82CA-448C-B581-9007F5D662F7}"
EndProject
Project("{9A19103F-16F7-4668-BE54-9A1E7A4F7556}") = "QAUtilities.Finacle", "QAUtilities.Finacle\QAUtilities.Finacle.csproj", "{6CB8E27F-C3D8-4E1B-BF02-675FC8568826}"
EndProject
Project("{9A19103F-16F7-4668-BE54-9A1E7A4F7556}") = "QAUtilities.FX", "QAUtilities.FX\QAUtilities.FX.csproj", "{2E33220C-D5F4-44D0-B293-D546989D9862}"
EndProject
Project("{9A19103F-16F7-4668-BE54-9A1E7A4F7556}") = "QAUtilities.Limits", "QAUtilities.Limits\QAUtilities.Limits.csproj", "{1EFB12BB-94A9-40D5-BD1E-683B9D76251A}"
EndProject
Project("{9A19103F-16F7-4668-BE54-9A1E7A4F7556}") = "QAUtilities.Messages", "QAUtilities.Messages\QAUtilities.Messages.csproj", "{FD8B3B92-7FD5-4837-8072-DB936D3DE1D0}"
EndProject
Project("{9A19103F-16F7-4668-BE54-9A1E7A4F7556}") = "QAUtilities.Mortgages", "QAUtilities.Mortgages\QAUtilities.Mortgages.csproj", "{078C6DA9-5182-4A3B-939A-FA77B6F49455}"
EndProject
Project("{9A19103F-16F7-4668-BE54-9A1E7A4F7556}") = "QAUtilities.Onboarding", "QAUtilities.Onboarding\QAUtilities.Onboarding.csproj", "{C18FD393-C312-45B4-AFF5-AC41F7AE6026}"
EndProject
Project("{9A19103F-16F7-4668-BE54-9A1E7A4F7556}") = "QAUtilities.Payments", "QAUtilities.Payments\QAUtilities.Payments.csproj", "{6F6CAD8E-36E3-42F1-9C6E-DA3AB42904B4}"
EndProject
Project("{9A19103F-16F7-4668-BE54-9A1E7A4F7556}") = "QAUtilities.PDFService", "QAUtilities.PDFService\QAUtilities.PDFService.csproj", "{055392C9-2A22-4510-9958-1A6143BEC54D}"
EndProject
Project("{9A19103F-16F7-4668-BE54-9A1E7A4F7556}") = "QAUtilities.PSD", "QAUtilities.PSD\QAUtilities.PSD.csproj", "{8A929E39-65EA-48AB-96FD-B2F5B4B37F68}"
EndProject
Project("{9A19103F-16F7-4668-BE54-9A1E7A4F7556}") = "QAUtilities.Saxo", "QAUtilities.Saxo\QAUtilities.Saxo.csproj", "{FC4D9BD6-B19E-4D1B-B7B2-269F17A02478}"
EndProject
Project("{9A19103F-16F7-4668-BE54-9A1E7A4F7556}") = "QAUtilities.ShortApply", "QAUtilities.ShortApply\QAUtilities.ShortApply.csproj", "{690A3428-E834-442D-BB37-073D2CC32FFF}"
EndProject
Project("{9A19103F-16F7-4668-BE54-9A1E7A4F7556}") = "QAUtilities.SxS", "QAUtilities.SxS\QAUtilities.SxS.csproj", "{DBD75193-8BCA-44D6-9C68-1BCC7D80C515}"
EndProject
Project("{9A19103F-16F7-4668-BE54-9A1E7A4F7556}") = "QAUtilities.Watchlist", "QAUtilities.Watchlist\QAUtilities.Watchlist.csproj", "{C51E1CC8-17C0-4B7B-BD41-32CB4578DF59}"
EndProject
Project("{9A19103F-16F7-4668-BE54-9A1E7A4F7556}") = "QAUtilities.SignalR", "QAUtilities.SignalR\QAUtilities.SignalR.csproj", "{2D7DFB70-A087-43C8-A97E-38134B63D1EA}"
EndProject
Project("{9A19103F-16F7-4668-BE54-9A1E7A4F7556}") = "QAUtilities.ReportLog", "QAUtilities.ReportLog\QAUtilities.ReportLog.csproj", "{8CAA93CA-1FDD-44F2-90BD-D6D71EB17B4B}"
EndProject
Project("{9A19103F-16F7-4668-BE54-9A1E7A4F7556}") = "QAUtilities.Test", "QAUtilities.Test\QAUtilities.Test.csproj", "{F78B9D3E-F83D-41CB-A825-7B090754B4C2}"
EndProject
Project("{9A19103F-16F7-4668-BE54-9A1E7A4F7556}") = "QAUtilities.TestMgmnt", "QAUtilities.TestMgmnt\QAUtilities.TestMgmnt.csproj", "{9E2D0662-D9D6-4A12-8A76-C880557CA275}"
EndProject
Project("{9A19103F-16F7-4668-BE54-9A1E7A4F7556}") = "QAUtilities.PortfolioManagement", "QAUtilities.PortfolioManagement\QAUtilities.PortfolioManagement.csproj", "{A8F118CF-5CAD-4333-AA5C-FE5ACC805D67}"
EndProject
Project("{9A19103F-16F7-4668-BE54-9A1E7A4F7556}") = "QAUtilities.EWealth", "QAUtilities.EWealth\QAUtilities.EWealth.csproj", "{AAE07D35-C90D-49D2-813E-7F00F98A9F13}"
EndProject
Project("{2150E333-8FDC-42A3-9474-1A3956D46DE8}") = "BaseFunctionality", "BaseFunctionality", "{888D1623-040D-4E92-8694-75F5468CB2BE}"
EndProject
Project("{2150E333-8FDC-42A3-9474-1A3956D46DE8}") = "TestManagement", "TestManagement", "{6D18599B-0116-420C-9046-9F09D82FCC48}"
EndProject
Project("{2150E333-8FDC-42A3-9474-1A3956D46DE8}") = "ServiceAccess", "ServiceAccess", "{B9495345-9AF0-4155-86D5-DE1D8EDED9E1}"
EndProject
Project("{9A19103F-16F7-4668-BE54-9A1E7A4F7556}") = "QAUtilities.Trading", "QAUtilities.Trading\QAUtilities.Trading.csproj", "{6DB87E77-14A5-4EF7-BB27-D6B687D8BB6C}"
EndProject
Project("{9A19103F-16F7-4668-BE54-9A1E7A4F7556}") = "QAUtilities.MBA", "QAUtilities.MBA\QAUtilities.MBA.csproj", "{7A5C02C1-E332-4A54-9A1D-648979CDD61C}"
EndProject
Project("{2150E333-8FDC-42A3-9474-1A3956D46DE8}") = "Solution Items", "Solution Items", "{605A7EF9-85DB-4709-98FE-94288653CB15}"
	ProjectSection(SolutionItems) = preProject
		.editorconfig = .editorconfig
	EndProjectSection
EndProject
Project("{9A19103F-16F7-4668-BE54-9A1E7A4F7556}") = "QAUtilities.CorporateBanking", "QAUtilities.CorporateBanking\QAUtilities.CorporateBanking.csproj", "{53155BBE-88E9-4F5A-B3AE-75FDE9330FD9}"
EndProject
Project("{FAE04EC0-301F-11D3-BF4B-00C04F79EFBC}") = "QAUtilities.IPO", "QAUtilities.IPO\QAUtilities.IPO.csproj", "{55BDAE82-A7EB-4CBD-9F2D-0C5A94869DEE}"
EndProject
Global
	GlobalSection(SolutionConfigurationPlatforms) = preSolution
		Debug|Any CPU = Debug|Any CPU
		Release|Any CPU = Release|Any CPU
	EndGlobalSection
	GlobalSection(ProjectConfigurationPlatforms) = postSolution
		{504272E6-8DAC-4022-84F5-8286761BE44F}.Debug|Any CPU.ActiveCfg = Debug|Any CPU
		{504272E6-8DAC-4022-84F5-8286761BE44F}.Debug|Any CPU.Build.0 = Debug|Any CPU
		{504272E6-8DAC-4022-84F5-8286761BE44F}.Release|Any CPU.ActiveCfg = Release|Any CPU
		{504272E6-8DAC-4022-84F5-8286761BE44F}.Release|Any CPU.Build.0 = Release|Any CPU
		{EF64494A-52E4-49AA-9BF2-6936C93DE659}.Debug|Any CPU.ActiveCfg = Debug|Any CPU
		{EF64494A-52E4-49AA-9BF2-6936C93DE659}.Debug|Any CPU.Build.0 = Debug|Any CPU
		{EF64494A-52E4-49AA-9BF2-6936C93DE659}.Release|Any CPU.ActiveCfg = Release|Any CPU
		{EF64494A-52E4-49AA-9BF2-6936C93DE659}.Release|Any CPU.Build.0 = Release|Any CPU
		{A30383DF-18D6-4DCC-9D6F-5BF403FFC7F5}.Debug|Any CPU.ActiveCfg = Debug|Any CPU
		{A30383DF-18D6-4DCC-9D6F-5BF403FFC7F5}.Debug|Any CPU.Build.0 = Debug|Any CPU
		{A30383DF-18D6-4DCC-9D6F-5BF403FFC7F5}.Release|Any CPU.ActiveCfg = Release|Any CPU
		{A30383DF-18D6-4DCC-9D6F-5BF403FFC7F5}.Release|Any CPU.Build.0 = Release|Any CPU
		{D5A0C620-42D5-4090-AB50-5C4EF4756C5D}.Debug|Any CPU.ActiveCfg = Debug|Any CPU
		{D5A0C620-42D5-4090-AB50-5C4EF4756C5D}.Debug|Any CPU.Build.0 = Debug|Any CPU
		{D5A0C620-42D5-4090-AB50-5C4EF4756C5D}.Release|Any CPU.ActiveCfg = Release|Any CPU
		{D5A0C620-42D5-4090-AB50-5C4EF4756C5D}.Release|Any CPU.Build.0 = Release|Any CPU
		{6726DA4F-5863-4CEE-B3B9-65DADDE666CF}.Debug|Any CPU.ActiveCfg = Debug|Any CPU
		{6726DA4F-5863-4CEE-B3B9-65DADDE666CF}.Debug|Any CPU.Build.0 = Debug|Any CPU
		{6726DA4F-5863-4CEE-B3B9-65DADDE666CF}.Release|Any CPU.ActiveCfg = Release|Any CPU
		{6726DA4F-5863-4CEE-B3B9-65DADDE666CF}.Release|Any CPU.Build.0 = Release|Any CPU
		{E823CEB8-C5BD-46E6-BA8A-20C097BF4675}.Debug|Any CPU.ActiveCfg = Debug|Any CPU
		{E823CEB8-C5BD-46E6-BA8A-20C097BF4675}.Debug|Any CPU.Build.0 = Debug|Any CPU
		{E823CEB8-C5BD-46E6-BA8A-20C097BF4675}.Release|Any CPU.ActiveCfg = Release|Any CPU
		{E823CEB8-C5BD-46E6-BA8A-20C097BF4675}.Release|Any CPU.Build.0 = Release|Any CPU
		{9CEB6490-82CA-448C-B581-9007F5D662F7}.Debug|Any CPU.ActiveCfg = Debug|Any CPU
		{9CEB6490-82CA-448C-B581-9007F5D662F7}.Debug|Any CPU.Build.0 = Debug|Any CPU
		{9CEB6490-82CA-448C-B581-9007F5D662F7}.Release|Any CPU.ActiveCfg = Release|Any CPU
		{9CEB6490-82CA-448C-B581-9007F5D662F7}.Release|Any CPU.Build.0 = Release|Any CPU
		{6CB8E27F-C3D8-4E1B-BF02-675FC8568826}.Debug|Any CPU.ActiveCfg = Debug|Any CPU
		{6CB8E27F-C3D8-4E1B-BF02-675FC8568826}.Debug|Any CPU.Build.0 = Debug|Any CPU
		{6CB8E27F-C3D8-4E1B-BF02-675FC8568826}.Release|Any CPU.ActiveCfg = Release|Any CPU
		{6CB8E27F-C3D8-4E1B-BF02-675FC8568826}.Release|Any CPU.Build.0 = Release|Any CPU
		{2E33220C-D5F4-44D0-B293-D546989D9862}.Debug|Any CPU.ActiveCfg = Debug|Any CPU
		{2E33220C-D5F4-44D0-B293-D546989D9862}.Debug|Any CPU.Build.0 = Debug|Any CPU
		{2E33220C-D5F4-44D0-B293-D546989D9862}.Release|Any CPU.ActiveCfg = Release|Any CPU
		{2E33220C-D5F4-44D0-B293-D546989D9862}.Release|Any CPU.Build.0 = Release|Any CPU
		{1EFB12BB-94A9-40D5-BD1E-683B9D76251A}.Debug|Any CPU.ActiveCfg = Debug|Any CPU
		{1EFB12BB-94A9-40D5-BD1E-683B9D76251A}.Debug|Any CPU.Build.0 = Debug|Any CPU
		{1EFB12BB-94A9-40D5-BD1E-683B9D76251A}.Release|Any CPU.ActiveCfg = Release|Any CPU
		{1EFB12BB-94A9-40D5-BD1E-683B9D76251A}.Release|Any CPU.Build.0 = Release|Any CPU
		{FD8B3B92-7FD5-4837-8072-DB936D3DE1D0}.Debug|Any CPU.ActiveCfg = Debug|Any CPU
		{FD8B3B92-7FD5-4837-8072-DB936D3DE1D0}.Debug|Any CPU.Build.0 = Debug|Any CPU
		{FD8B3B92-7FD5-4837-8072-DB936D3DE1D0}.Release|Any CPU.ActiveCfg = Release|Any CPU
		{FD8B3B92-7FD5-4837-8072-DB936D3DE1D0}.Release|Any CPU.Build.0 = Release|Any CPU
		{078C6DA9-5182-4A3B-939A-FA77B6F49455}.Debug|Any CPU.ActiveCfg = Debug|Any CPU
		{078C6DA9-5182-4A3B-939A-FA77B6F49455}.Debug|Any CPU.Build.0 = Debug|Any CPU
		{078C6DA9-5182-4A3B-939A-FA77B6F49455}.Release|Any CPU.ActiveCfg = Release|Any CPU
		{078C6DA9-5182-4A3B-939A-FA77B6F49455}.Release|Any CPU.Build.0 = Release|Any CPU
		{C18FD393-C312-45B4-AFF5-AC41F7AE6026}.Debug|Any CPU.ActiveCfg = Debug|Any CPU
		{C18FD393-C312-45B4-AFF5-AC41F7AE6026}.Debug|Any CPU.Build.0 = Debug|Any CPU
		{C18FD393-C312-45B4-AFF5-AC41F7AE6026}.Release|Any CPU.ActiveCfg = Release|Any CPU
		{C18FD393-C312-45B4-AFF5-AC41F7AE6026}.Release|Any CPU.Build.0 = Release|Any CPU
		{6F6CAD8E-36E3-42F1-9C6E-DA3AB42904B4}.Debug|Any CPU.ActiveCfg = Debug|Any CPU
		{6F6CAD8E-36E3-42F1-9C6E-DA3AB42904B4}.Debug|Any CPU.Build.0 = Debug|Any CPU
		{6F6CAD8E-36E3-42F1-9C6E-DA3AB42904B4}.Release|Any CPU.ActiveCfg = Release|Any CPU
		{6F6CAD8E-36E3-42F1-9C6E-DA3AB42904B4}.Release|Any CPU.Build.0 = Release|Any CPU
		{055392C9-2A22-4510-9958-1A6143BEC54D}.Debug|Any CPU.ActiveCfg = Debug|Any CPU
		{055392C9-2A22-4510-9958-1A6143BEC54D}.Debug|Any CPU.Build.0 = Debug|Any CPU
		{055392C9-2A22-4510-9958-1A6143BEC54D}.Release|Any CPU.ActiveCfg = Release|Any CPU
		{055392C9-2A22-4510-9958-1A6143BEC54D}.Release|Any CPU.Build.0 = Release|Any CPU
		{8A929E39-65EA-48AB-96FD-B2F5B4B37F68}.Debug|Any CPU.ActiveCfg = Debug|Any CPU
		{8A929E39-65EA-48AB-96FD-B2F5B4B37F68}.Debug|Any CPU.Build.0 = Debug|Any CPU
		{8A929E39-65EA-48AB-96FD-B2F5B4B37F68}.Release|Any CPU.ActiveCfg = Release|Any CPU
		{8A929E39-65EA-48AB-96FD-B2F5B4B37F68}.Release|Any CPU.Build.0 = Release|Any CPU
		{FC4D9BD6-B19E-4D1B-B7B2-269F17A02478}.Debug|Any CPU.ActiveCfg = Debug|Any CPU
		{FC4D9BD6-B19E-4D1B-B7B2-269F17A02478}.Debug|Any CPU.Build.0 = Debug|Any CPU
		{FC4D9BD6-B19E-4D1B-B7B2-269F17A02478}.Release|Any CPU.ActiveCfg = Release|Any CPU
		{FC4D9BD6-B19E-4D1B-B7B2-269F17A02478}.Release|Any CPU.Build.0 = Release|Any CPU
		{690A3428-E834-442D-BB37-073D2CC32FFF}.Debug|Any CPU.ActiveCfg = Debug|Any CPU
		{690A3428-E834-442D-BB37-073D2CC32FFF}.Debug|Any CPU.Build.0 = Debug|Any CPU
		{690A3428-E834-442D-BB37-073D2CC32FFF}.Release|Any CPU.ActiveCfg = Release|Any CPU
		{690A3428-E834-442D-BB37-073D2CC32FFF}.Release|Any CPU.Build.0 = Release|Any CPU
		{DBD75193-8BCA-44D6-9C68-1BCC7D80C515}.Debug|Any CPU.ActiveCfg = Debug|Any CPU
		{DBD75193-8BCA-44D6-9C68-1BCC7D80C515}.Debug|Any CPU.Build.0 = Debug|Any CPU
		{DBD75193-8BCA-44D6-9C68-1BCC7D80C515}.Release|Any CPU.ActiveCfg = Release|Any CPU
		{DBD75193-8BCA-44D6-9C68-1BCC7D80C515}.Release|Any CPU.Build.0 = Release|Any CPU
		{C51E1CC8-17C0-4B7B-BD41-32CB4578DF59}.Debug|Any CPU.ActiveCfg = Debug|Any CPU
		{C51E1CC8-17C0-4B7B-BD41-32CB4578DF59}.Debug|Any CPU.Build.0 = Debug|Any CPU
		{C51E1CC8-17C0-4B7B-BD41-32CB4578DF59}.Release|Any CPU.ActiveCfg = Release|Any CPU
		{C51E1CC8-17C0-4B7B-BD41-32CB4578DF59}.Release|Any CPU.Build.0 = Release|Any CPU
		{2D7DFB70-A087-43C8-A97E-38134B63D1EA}.Debug|Any CPU.ActiveCfg = Debug|Any CPU
		{2D7DFB70-A087-43C8-A97E-38134B63D1EA}.Debug|Any CPU.Build.0 = Debug|Any CPU
		{2D7DFB70-A087-43C8-A97E-38134B63D1EA}.Release|Any CPU.ActiveCfg = Release|Any CPU
		{2D7DFB70-A087-43C8-A97E-38134B63D1EA}.Release|Any CPU.Build.0 = Release|Any CPU
		{8CAA93CA-1FDD-44F2-90BD-D6D71EB17B4B}.Debug|Any CPU.ActiveCfg = Debug|Any CPU
		{8CAA93CA-1FDD-44F2-90BD-D6D71EB17B4B}.Debug|Any CPU.Build.0 = Debug|Any CPU
		{8CAA93CA-1FDD-44F2-90BD-D6D71EB17B4B}.Release|Any CPU.ActiveCfg = Release|Any CPU
		{8CAA93CA-1FDD-44F2-90BD-D6D71EB17B4B}.Release|Any CPU.Build.0 = Release|Any CPU
		{F78B9D3E-F83D-41CB-A825-7B090754B4C2}.Debug|Any CPU.ActiveCfg = Debug|Any CPU
		{F78B9D3E-F83D-41CB-A825-7B090754B4C2}.Debug|Any CPU.Build.0 = Debug|Any CPU
		{F78B9D3E-F83D-41CB-A825-7B090754B4C2}.Release|Any CPU.ActiveCfg = Release|Any CPU
		{F78B9D3E-F83D-41CB-A825-7B090754B4C2}.Release|Any CPU.Build.0 = Release|Any CPU
		{9E2D0662-D9D6-4A12-8A76-C880557CA275}.Debug|Any CPU.ActiveCfg = Debug|Any CPU
		{9E2D0662-D9D6-4A12-8A76-C880557CA275}.Debug|Any CPU.Build.0 = Debug|Any CPU
		{9E2D0662-D9D6-4A12-8A76-C880557CA275}.Release|Any CPU.ActiveCfg = Release|Any CPU
		{9E2D0662-D9D6-4A12-8A76-C880557CA275}.Release|Any CPU.Build.0 = Release|Any CPU
		{A8F118CF-5CAD-4333-AA5C-FE5ACC805D67}.Debug|Any CPU.ActiveCfg = Debug|Any CPU
		{A8F118CF-5CAD-4333-AA5C-FE5ACC805D67}.Debug|Any CPU.Build.0 = Debug|Any CPU
		{A8F118CF-5CAD-4333-AA5C-FE5ACC805D67}.Release|Any CPU.ActiveCfg = Release|Any CPU
		{A8F118CF-5CAD-4333-AA5C-FE5ACC805D67}.Release|Any CPU.Build.0 = Release|Any CPU
		{AAE07D35-C90D-49D2-813E-7F00F98A9F13}.Debug|Any CPU.ActiveCfg = Debug|Any CPU
		{AAE07D35-C90D-49D2-813E-7F00F98A9F13}.Debug|Any CPU.Build.0 = Debug|Any CPU
		{AAE07D35-C90D-49D2-813E-7F00F98A9F13}.Release|Any CPU.ActiveCfg = Release|Any CPU
		{AAE07D35-C90D-49D2-813E-7F00F98A9F13}.Release|Any CPU.Build.0 = Release|Any CPU
		{6DB87E77-14A5-4EF7-BB27-D6B687D8BB6C}.Debug|Any CPU.ActiveCfg = Debug|Any CPU
		{6DB87E77-14A5-4EF7-BB27-D6B687D8BB6C}.Debug|Any CPU.Build.0 = Debug|Any CPU
		{6DB87E77-14A5-4EF7-BB27-D6B687D8BB6C}.Release|Any CPU.ActiveCfg = Release|Any CPU
		{6DB87E77-14A5-4EF7-BB27-D6B687D8BB6C}.Release|Any CPU.Build.0 = Release|Any CPU
		{7A5C02C1-E332-4A54-9A1D-648979CDD61C}.Debug|Any CPU.ActiveCfg = Debug|Any CPU
		{7A5C02C1-E332-4A54-9A1D-648979CDD61C}.Debug|Any CPU.Build.0 = Debug|Any CPU
		{7A5C02C1-E332-4A54-9A1D-648979CDD61C}.Release|Any CPU.ActiveCfg = Release|Any CPU
		{7A5C02C1-E332-4A54-9A1D-648979CDD61C}.Release|Any CPU.Build.0 = Release|Any CPU
		{53155BBE-88E9-4F5A-B3AE-75FDE9330FD9}.Debug|Any CPU.ActiveCfg = Debug|Any CPU
		{53155BBE-88E9-4F5A-B3AE-75FDE9330FD9}.Debug|Any CPU.Build.0 = Debug|Any CPU
		{53155BBE-88E9-4F5A-B3AE-75FDE9330FD9}.Release|Any CPU.ActiveCfg = Release|Any CPU
		{53155BBE-88E9-4F5A-B3AE-75FDE9330FD9}.Release|Any CPU.Build.0 = Release|Any CPU
		{55BDAE82-A7EB-4CBD-9F2D-0C5A94869DEE}.Debug|Any CPU.ActiveCfg = Debug|Any CPU
		{55BDAE82-A7EB-4CBD-9F2D-0C5A94869DEE}.Debug|Any CPU.Build.0 = Debug|Any CPU
		{55BDAE82-A7EB-4CBD-9F2D-0C5A94869DEE}.Release|Any CPU.ActiveCfg = Release|Any CPU
		{55BDAE82-A7EB-4CBD-9F2D-0C5A94869DEE}.Release|Any CPU.Build.0 = Release|Any CPU
	EndGlobalSection
	GlobalSection(SolutionProperties) = preSolution
		HideSolutionNode = FALSE
	EndGlobalSection
	GlobalSection(NestedProjects) = preSolution
		{504272E6-8DAC-4022-84F5-8286761BE44F} = {888D1623-040D-4E92-8694-75F5468CB2BE}
		{EF64494A-52E4-49AA-9BF2-6936C93DE659} = {B9495345-9AF0-4155-86D5-DE1D8EDED9E1}
		{D5A0C620-42D5-4090-AB50-5C4EF4756C5D} = {B9495345-9AF0-4155-86D5-DE1D8EDED9E1}
		{6726DA4F-5863-4CEE-B3B9-65DADDE666CF} = {888D1623-040D-4E92-8694-75F5468CB2BE}
		{E823CEB8-C5BD-46E6-BA8A-20C097BF4675} = {B9495345-9AF0-4155-86D5-DE1D8EDED9E1}
		{6CB8E27F-C3D8-4E1B-BF02-675FC8568826} = {B9495345-9AF0-4155-86D5-DE1D8EDED9E1}
		{FC4D9BD6-B19E-4D1B-B7B2-269F17A02478} = {B9495345-9AF0-4155-86D5-DE1D8EDED9E1}
		{DBD75193-8BCA-44D6-9C68-1BCC7D80C515} = {B9495345-9AF0-4155-86D5-DE1D8EDED9E1}
		{2D7DFB70-A087-43C8-A97E-38134B63D1EA} = {B9495345-9AF0-4155-86D5-DE1D8EDED9E1}
		{8CAA93CA-1FDD-44F2-90BD-D6D71EB17B4B} = {888D1623-040D-4E92-8694-75F5468CB2BE}
		{F78B9D3E-F83D-41CB-A825-7B090754B4C2} = {6D18599B-0116-420C-9046-9F09D82FCC48}
		{9E2D0662-D9D6-4A12-8A76-C880557CA275} = {6D18599B-0116-420C-9046-9F09D82FCC48}
		{7A5C02C1-E332-4A54-9A1D-648979CDD61C} = {B9495345-9AF0-4155-86D5-DE1D8EDED9E1}
	EndGlobalSection
	GlobalSection(ExtensibilityGlobals) = postSolution
		SolutionGuid = {88BCEA87-6BAC-4F16-854B-9CA39C6B9118}
	EndGlobalSection
EndGlobal
